
Microsoft Visual Studio Solution File, Format Version 12.00
# Visual Studio Version 16
VisualStudioVersion = 16.0.31025.194
MinimumVisualStudioVersion = 10.0.40219.1
Project("{2150E333-8FDC-42A3-9474-1A3956D46DE8}") = "01. Clients", "01. Clients", "{50ED377F-399D-4D7B-866F-ABB2C21F3849}"
EndProject
Project("{2150E333-8FDC-42A3-9474-1A3956D46DE8}") = "02. Api.Gateways", "02. Api.Gateways", "{256F0EA5-5BB9-44B1-A2CF-6922D598276B}"
EndProject
Project("{2150E333-8FDC-42A3-9474-1A3956D46DE8}") = "03. MicroServices", "03. MicroServices", "{8F9AE76B-EA0F-4B29-8D85-9976676ED77D}"
EndProject
Project("{2150E333-8FDC-42A3-9474-1A3956D46DE8}") = "01. Identity", "01. Identity", "{AB32DD1D-B827-422A-A2E7-C6D1E63733FF}"
EndProject
Project("{2150E333-8FDC-42A3-9474-1A3956D46DE8}") = "02. Catalog", "02. Catalog", "{ABF875B3-B501-45AB-A93E-174C758E923F}"
EndProject
Project("{2150E333-8FDC-42A3-9474-1A3956D46DE8}") = "03. Customer", "03. Customer", "{C030228C-B1B2-4E39-B680-9F95E8E6C459}"
EndProject
Project("{2150E333-8FDC-42A3-9474-1A3956D46DE8}") = "04. Order", "04. Order", "{F5761A97-DDA8-4954-8D31-30DCD822B2CF}"
EndProject
Project("{9A19103F-16F7-4668-BE54-9A1E7A4F7556}") = "Catalog.Api", "src\MicroServices\Catalog\Catalog.Api\Catalog.Api.csproj", "{7227A661-F0F7-4DC3-9018-CD431E1D8597}"
EndProject
Project("{2150E333-8FDC-42A3-9474-1A3956D46DE8}") = "01. Api", "01. Api", "{533BEE61-C291-4340-806C-1F3C39C4443E}"
EndProject
Project("{2150E333-8FDC-42A3-9474-1A3956D46DE8}") = "02. Services", "02. Services", "{CAA23709-5888-4AEE-A5FE-C02F4DEC50A7}"
EndProject
Project("{2150E333-8FDC-42A3-9474-1A3956D46DE8}") = "03. Persistence", "03. Persistence", "{D7B65A98-0C90-45FD-BE2A-1F34DD755096}"
EndProject
Project("{2150E333-8FDC-42A3-9474-1A3956D46DE8}") = "04. Models", "04. Models", "{DA29F976-F11C-4111-B287-721D1F689A41}"
EndProject
Project("{9A19103F-16F7-4668-BE54-9A1E7A4F7556}") = "Catalog.Domain", "src\MicroServices\Catalog\Catalog.Domain\Catalog.Domain.csproj", "{0F3E49E3-134F-41C0-ADA5-FB1613B6941B}"
EndProject
Project("{9A19103F-16F7-4668-BE54-9A1E7A4F7556}") = "Catalog.Persistence.Database", "src\MicroServices\Catalog\Catalog.Persistence.Database\Catalog.Persistence.Database.csproj", "{596E33D4-91FA-46FB-9761-11E90261E7B3}"
EndProject
Project("{FAE04EC0-301F-11D3-BF4B-00C04F79EFBC}") = "Catalog.Service.Queries", "Catalog.Service.Queries\Catalog.Service.Queries.csproj", "{5B6C44F5-48F1-405A-BF1B-C612E28E9D09}"
EndProject
Project("{2150E333-8FDC-42A3-9474-1A3956D46DE8}") = "Common", "Common", "{146DEE73-4908-4CE5-9653-70C756C641BD}"
EndProject
Project("{FAE04EC0-301F-11D3-BF4B-00C04F79EFBC}") = "Service.Common.Collection", "Service.Common.Collection\Service.Common.Collection.csproj", "{C83D78CB-CD3A-47AA-8AEB-5D1ECD0C1285}"
EndProject
Project("{FAE04EC0-301F-11D3-BF4B-00C04F79EFBC}") = "Service.Common.Mapping", "Service.Common.Mapping\Service.Common.Mapping.csproj", "{A0C57048-29F1-419D-8487-E81778A9FD0B}"
EndProject
Project("{FAE04EC0-301F-11D3-BF4B-00C04F79EFBC}") = "Service.Common.Paging", "Service.Common.Paging\Service.Common.Paging.csproj", "{14114833-9501-4F72-9C9D-79B6FA4EBA33}"
EndProject
Project("{FAE04EC0-301F-11D3-BF4B-00C04F79EFBC}") = "Catalog.Service.EventHandlers", "src\MicroServices\Catalog\Catalog.Service.EventHandlers\Catalog.Service.EventHandlers.csproj", "{5D0BFCC6-DCE6-4EC3-AC1C-AE9F18F25279}"
EndProject
Project("{2150E333-8FDC-42A3-9474-1A3956D46DE8}") = "05 Common", "05 Common", "{4AADF4C9-6767-4C93-98D7-E5B54D845877}"
EndProject
Project("{FAE04EC0-301F-11D3-BF4B-00C04F79EFBC}") = "Catalog.Common", "src\MicroServices\Catalog\Catalog.Common\Catalog.Common.csproj", "{BB5DCD0F-2D68-43CA-A219-5B5CC3EB6E20}"
EndProject
Project("{2150E333-8FDC-42A3-9474-1A3956D46DE8}") = "04 Common", "04 Common", "{88DBB135-B0D8-430E-A067-70935B8E65BD}"
EndProject
Project("{FAE04EC0-301F-11D3-BF4B-00C04F79EFBC}") = "Common.Logging", "Common.Logging\Common.Logging.csproj", "{ADDC08B1-F1CE-4F15-884E-960A514CFF07}"
EndProject
Global
	GlobalSection(SolutionConfigurationPlatforms) = preSolution
		Debug|Any CPU = Debug|Any CPU
		Release|Any CPU = Release|Any CPU
	EndGlobalSection
	GlobalSection(ProjectConfigurationPlatforms) = postSolution
		{7227A661-F0F7-4DC3-9018-CD431E1D8597}.Debug|Any CPU.ActiveCfg = Debug|Any CPU
		{7227A661-F0F7-4DC3-9018-CD431E1D8597}.Debug|Any CPU.Build.0 = Debug|Any CPU
		{7227A661-F0F7-4DC3-9018-CD431E1D8597}.Release|Any CPU.ActiveCfg = Release|Any CPU
		{7227A661-F0F7-4DC3-9018-CD431E1D8597}.Release|Any CPU.Build.0 = Release|Any CPU
		{0F3E49E3-134F-41C0-ADA5-FB1613B6941B}.Debug|Any CPU.ActiveCfg = Debug|Any CPU
		{0F3E49E3-134F-41C0-ADA5-FB1613B6941B}.Debug|Any CPU.Build.0 = Debug|Any CPU
		{0F3E49E3-134F-41C0-ADA5-FB1613B6941B}.Release|Any CPU.ActiveCfg = Release|Any CPU
		{0F3E49E3-134F-41C0-ADA5-FB1613B6941B}.Release|Any CPU.Build.0 = Release|Any CPU
		{596E33D4-91FA-46FB-9761-11E90261E7B3}.Debug|Any CPU.ActiveCfg = Debug|Any CPU
		{596E33D4-91FA-46FB-9761-11E90261E7B3}.Debug|Any CPU.Build.0 = Debug|Any CPU
		{596E33D4-91FA-46FB-9761-11E90261E7B3}.Release|Any CPU.ActiveCfg = Release|Any CPU
		{596E33D4-91FA-46FB-9761-11E90261E7B3}.Release|Any CPU.Build.0 = Release|Any CPU
		{5B6C44F5-48F1-405A-BF1B-C612E28E9D09}.Debug|Any CPU.ActiveCfg = Debug|Any CPU
		{5B6C44F5-48F1-405A-BF1B-C612E28E9D09}.Debug|Any CPU.Build.0 = Debug|Any CPU
		{5B6C44F5-48F1-405A-BF1B-C612E28E9D09}.Release|Any CPU.ActiveCfg = Release|Any CPU
		{5B6C44F5-48F1-405A-BF1B-C612E28E9D09}.Release|Any CPU.Build.0 = Release|Any CPU
		{C83D78CB-CD3A-47AA-8AEB-5D1ECD0C1285}.Debug|Any CPU.ActiveCfg = Debug|Any CPU
		{C83D78CB-CD3A-47AA-8AEB-5D1ECD0C1285}.Debug|Any CPU.Build.0 = Debug|Any CPU
		{C83D78CB-CD3A-47AA-8AEB-5D1ECD0C1285}.Release|Any CPU.ActiveCfg = Release|Any CPU
		{C83D78CB-CD3A-47AA-8AEB-5D1ECD0C1285}.Release|Any CPU.Build.0 = Release|Any CPU
		{A0C57048-29F1-419D-8487-E81778A9FD0B}.Debug|Any CPU.ActiveCfg = Debug|Any CPU
		{A0C57048-29F1-419D-8487-E81778A9FD0B}.Debug|Any CPU.Build.0 = Debug|Any CPU
		{A0C57048-29F1-419D-8487-E81778A9FD0B}.Release|Any CPU.ActiveCfg = Release|Any CPU
		{A0C57048-29F1-419D-8487-E81778A9FD0B}.Release|Any CPU.Build.0 = Release|Any CPU
		{14114833-9501-4F72-9C9D-79B6FA4EBA33}.Debug|Any CPU.ActiveCfg = Debug|Any CPU
		{14114833-9501-4F72-9C9D-79B6FA4EBA33}.Debug|Any CPU.Build.0 = Debug|Any CPU
		{14114833-9501-4F72-9C9D-79B6FA4EBA33}.Release|Any CPU.ActiveCfg = Release|Any CPU
		{14114833-9501-4F72-9C9D-79B6FA4EBA33}.Release|Any CPU.Build.0 = Release|Any CPU
		{5D0BFCC6-DCE6-4EC3-AC1C-AE9F18F25279}.Debug|Any CPU.ActiveCfg = Debug|Any CPU
		{5D0BFCC6-DCE6-4EC3-AC1C-AE9F18F25279}.Debug|Any CPU.Build.0 = Debug|Any CPU
		{5D0BFCC6-DCE6-4EC3-AC1C-AE9F18F25279}.Release|Any CPU.ActiveCfg = Release|Any CPU
		{5D0BFCC6-DCE6-4EC3-AC1C-AE9F18F25279}.Release|Any CPU.Build.0 = Release|Any CPU
		{BB5DCD0F-2D68-43CA-A219-5B5CC3EB6E20}.Debug|Any CPU.ActiveCfg = Debug|Any CPU
		{BB5DCD0F-2D68-43CA-A219-5B5CC3EB6E20}.Debug|Any CPU.Build.0 = Debug|Any CPU
		{BB5DCD0F-2D68-43CA-A219-5B5CC3EB6E20}.Release|Any CPU.ActiveCfg = Release|Any CPU
		{BB5DCD0F-2D68-43CA-A219-5B5CC3EB6E20}.Release|Any CPU.Build.0 = Release|Any CPU
		{ADDC08B1-F1CE-4F15-884E-960A514CFF07}.Debug|Any CPU.ActiveCfg = Debug|Any CPU
		{ADDC08B1-F1CE-4F15-884E-960A514CFF07}.Debug|Any CPU.Build.0 = Debug|Any CPU
		{ADDC08B1-F1CE-4F15-884E-960A514CFF07}.Release|Any CPU.ActiveCfg = Release|Any CPU
		{ADDC08B1-F1CE-4F15-884E-960A514CFF07}.Release|Any CPU.Build.0 = Release|Any CPU
	EndGlobalSection
	GlobalSection(SolutionProperties) = preSolution
		HideSolutionNode = FALSE
	EndGlobalSection
	GlobalSection(NestedProjects) = preSolution
		{AB32DD1D-B827-422A-A2E7-C6D1E63733FF} = {8F9AE76B-EA0F-4B29-8D85-9976676ED77D}
		{ABF875B3-B501-45AB-A93E-174C758E923F} = {8F9AE76B-EA0F-4B29-8D85-9976676ED77D}
		{C030228C-B1B2-4E39-B680-9F95E8E6C459} = {8F9AE76B-EA0F-4B29-8D85-9976676ED77D}
		{F5761A97-DDA8-4954-8D31-30DCD822B2CF} = {8F9AE76B-EA0F-4B29-8D85-9976676ED77D}
		{7227A661-F0F7-4DC3-9018-CD431E1D8597} = {533BEE61-C291-4340-806C-1F3C39C4443E}
		{533BEE61-C291-4340-806C-1F3C39C4443E} = {ABF875B3-B501-45AB-A93E-174C758E923F}
		{CAA23709-5888-4AEE-A5FE-C02F4DEC50A7} = {ABF875B3-B501-45AB-A93E-174C758E923F}
		{D7B65A98-0C90-45FD-BE2A-1F34DD755096} = {ABF875B3-B501-45AB-A93E-174C758E923F}
		{DA29F976-F11C-4111-B287-721D1F689A41} = {ABF875B3-B501-45AB-A93E-174C758E923F}
		{0F3E49E3-134F-41C0-ADA5-FB1613B6941B} = {DA29F976-F11C-4111-B287-721D1F689A41}
		{596E33D4-91FA-46FB-9761-11E90261E7B3} = {D7B65A98-0C90-45FD-BE2A-1F34DD755096}
		{5B6C44F5-48F1-405A-BF1B-C612E28E9D09} = {CAA23709-5888-4AEE-A5FE-C02F4DEC50A7}
		{146DEE73-4908-4CE5-9653-70C756C641BD} = {8F9AE76B-EA0F-4B29-8D85-9976676ED77D}
		{C83D78CB-CD3A-47AA-8AEB-5D1ECD0C1285} = {146DEE73-4908-4CE5-9653-70C756C641BD}
		{A0C57048-29F1-419D-8487-E81778A9FD0B} = {146DEE73-4908-4CE5-9653-70C756C641BD}
		{14114833-9501-4F72-9C9D-79B6FA4EBA33} = {146DEE73-4908-4CE5-9653-70C756C641BD}
		{5D0BFCC6-DCE6-4EC3-AC1C-AE9F18F25279} = {CAA23709-5888-4AEE-A5FE-C02F4DEC50A7}
		{4AADF4C9-6767-4C93-98D7-E5B54D845877} = {ABF875B3-B501-45AB-A93E-174C758E923F}
		{BB5DCD0F-2D68-43CA-A219-5B5CC3EB6E20} = {4AADF4C9-6767-4C93-98D7-E5B54D845877}
		{ADDC08B1-F1CE-4F15-884E-960A514CFF07} = {88DBB135-B0D8-430E-A067-70935B8E65BD}
	EndGlobalSection
	GlobalSection(ExtensibilityGlobals) = postSolution
		SolutionGuid = {42944456-0039-461A-BB29-F27B2878CA33}
	EndGlobalSection
EndGlobal
